
Microsoft Visual Studio Solution File, Format Version 12.00
# Visual Studio Version 17
VisualStudioVersion = 17.2.32616.157
MinimumVisualStudioVersion = 10.0.40219.1
Project("{FAE04EC0-301F-11D3-BF4B-00C04F79EFBC}") = "Warsztat", "Warsztat\Warsztat.csproj", "{9FD03AAF-74B8-4AF0-BA0D-80772E05E936}"
EndProject
Global
	GlobalSection(SolutionConfigurationPlatforms) = preSolution
		Debug|Any CPU = Debug|Any CPU
		Release|Any CPU = Release|Any CPU
	EndGlobalSection
	GlobalSection(ProjectConfigurationPlatforms) = postSolution
		{9FD03AAF-74B8-4AF0-BA0D-80772E05E936}.Debug|Any CPU.ActiveCfg = Debug|Any CPU
		{9FD03AAF-74B8-4AF0-BA0D-80772E05E936}.Debug|Any CPU.Build.0 = Debug|Any CPU
		{9FD03AAF-74B8-4AF0-BA0D-80772E05E936}.Release|Any CPU.ActiveCfg = Release|Any CPU
		{9FD03AAF-74B8-4AF0-BA0D-80772E05E936}.Release|Any CPU.Build.0 = Release|Any CPU
	EndGlobalSection
	GlobalSection(SolutionProperties) = preSolution
		HideSolutionNode = FALSE
	EndGlobalSection
	GlobalSection(ExtensibilityGlobals) = postSolution
		SolutionGuid = {18E43B69-A4EC-4465-8D22-69690B973E39}
	EndGlobalSection
EndGlobal
